
Microsoft Visual Studio Solution File, Format Version 12.00
# Visual Studio Version 16
VisualStudioVersion = 16.0.29911.84
MinimumVisualStudioVersion = 10.0.40219.1
Project("{FAE04EC0-301F-11D3-BF4B-00C04F79EFBC}") = "Test", "Test\Test.csproj", "{462F0DE7-60CD-4056-B4F8-FB9B4ADE8997}"
EndProject
Global
	GlobalSection(SolutionConfigurationPlatforms) = preSolution
		Debug|Any CPU = Debug|Any CPU
		Release|Any CPU = Release|Any CPU
	EndGlobalSection
	GlobalSection(ProjectConfigurationPlatforms) = postSolution
		{462F0DE7-60CD-4056-B4F8-FB9B4ADE8997}.Debug|Any CPU.ActiveCfg = Debug|Any CPU
		{462F0DE7-60CD-4056-B4F8-FB9B4ADE8997}.Debug|Any CPU.Build.0 = Debug|Any CPU
		{462F0DE7-60CD-4056-B4F8-FB9B4ADE8997}.Release|Any CPU.ActiveCfg = Release|Any CPU
		{462F0DE7-60CD-4056-B4F8-FB9B4ADE8997}.Release|Any CPU.Build.0 = Release|Any CPU
	EndGlobalSection
	GlobalSection(SolutionProperties) = preSolution
		HideSolutionNode = FALSE
	EndGlobalSection
	GlobalSection(ExtensibilityGlobals) = postSolution
		SolutionGuid = {D695A0EB-CEF9-48AF-9A9C-22BCE8D58759}
	EndGlobalSection
EndGlobal
